// !$*UTF8*$!
{
	archiveVersion = 1;
	classes = {
	};
	objectVersion = 60;
	objects = {

/* Begin PBXBuildFile section */
		BBAEF7412A83BF7C003E6BA7 /* StackUI in Frameworks */ = {isa = PBXBuildFile; productRef = BBAEF7402A83BF7C003E6BA7 /* StackUI */; };
		BBAEF7432A83BF7C003E6BA7 /* StackUIWithRxSwift in Frameworks */ = {isa = PBXBuildFile; productRef = BBAEF7422A83BF7C003E6BA7 /* StackUIWithRxSwift */; };
		EA2059A7271D111600579D01 /* CustomView.swift in Sources */ = {isa = PBXBuildFile; fileRef = EA2059A6271D111600579D01 /* CustomView.swift */; };
		EA2059A9271D11E300579D01 /* CustomViewViewController.swift in Sources */ = {isa = PBXBuildFile; fileRef = EA2059A8271D11E300579D01 /* CustomViewViewController.swift */; };
		EA2059AB271D124900579D01 /* CustomLabel.swift in Sources */ = {isa = PBXBuildFile; fileRef = EA2059AA271D124900579D01 /* CustomLabel.swift */; };
		EA2059AD271D201500579D01 /* IfViewController.swift in Sources */ = {isa = PBXBuildFile; fileRef = EA2059AC271D201500579D01 /* IfViewController.swift */; };
		EAB9DE1B2718063D009DAE51 /* AppDelegate.swift in Sources */ = {isa = PBXBuildFile; fileRef = EAB9DE1A2718063D009DAE51 /* AppDelegate.swift */; };
		EAB9DE1F2718063D009DAE51 /* ViewController.swift in Sources */ = {isa = PBXBuildFile; fileRef = EAB9DE1E2718063D009DAE51 /* ViewController.swift */; };
		EAB9DE222718063D009DAE51 /* Main.storyboard in Resources */ = {isa = PBXBuildFile; fileRef = EAB9DE202718063D009DAE51 /* Main.storyboard */; };
		EAB9DE242718063F009DAE51 /* Assets.xcassets in Resources */ = {isa = PBXBuildFile; fileRef = EAB9DE232718063F009DAE51 /* Assets.xcassets */; };
		EAB9DE272718063F009DAE51 /* LaunchScreen.storyboard in Resources */ = {isa = PBXBuildFile; fileRef = EAB9DE252718063F009DAE51 /* LaunchScreen.storyboard */; };
		EAB9DE3027180BCE009DAE51 /* SettingsCell.swift in Sources */ = {isa = PBXBuildFile; fileRef = EAB9DE2F27180BCE009DAE51 /* SettingsCell.swift */; };
		EAB9DE33271813F1009DAE51 /* ForEachViewController.swift in Sources */ = {isa = PBXBuildFile; fileRef = EAB9DE32271813F1009DAE51 /* ForEachViewController.swift */; };
		EAB9DE3627181437009DAE51 /* UserModel.swift in Sources */ = {isa = PBXBuildFile; fileRef = EAB9DE3527181437009DAE51 /* UserModel.swift */; };
		EAB9DE38271818BC009DAE51 /* VScrollStackViewController.swift in Sources */ = {isa = PBXBuildFile; fileRef = EAB9DE37271818BC009DAE51 /* VScrollStackViewController.swift */; };
		EAB9DE3A271819B6009DAE51 /* TextPublisherViewController.swift in Sources */ = {isa = PBXBuildFile; fileRef = EAB9DE39271819B6009DAE51 /* TextPublisherViewController.swift */; };
		EAB9DE3C27181E1C009DAE51 /* TextDriverViewController.swift in Sources */ = {isa = PBXBuildFile; fileRef = EAB9DE3B27181E1C009DAE51 /* TextDriverViewController.swift */; };
		EAB9DE3E2718203E009DAE51 /* HScrollStackViewController.swift in Sources */ = {isa = PBXBuildFile; fileRef = EAB9DE3D2718203E009DAE51 /* HScrollStackViewController.swift */; };
		EAB9DE40271824A7009DAE51 /* FoodCell.swift in Sources */ = {isa = PBXBuildFile; fileRef = EAB9DE3F271824A7009DAE51 /* FoodCell.swift */; };
		EAF8D59C274E412A00AE1569 /* ViewBoxViewController.swift in Sources */ = {isa = PBXBuildFile; fileRef = EAF8D59B274E412A00AE1569 /* ViewBoxViewController.swift */; };
/* End PBXBuildFile section */

/* Begin PBXFileReference section */
		DC945D732FFC7D0646776FCE /* libPods-StackUIExample.a */ = {isa = PBXFileReference; explicitFileType = archive.ar; includeInIndex = 0; path = "libPods-StackUIExample.a"; sourceTree = BUILT_PRODUCTS_DIR; };
		EA2059A6271D111600579D01 /* CustomView.swift */ = {isa = PBXFileReference; lastKnownFileType = sourcecode.swift; path = CustomView.swift; sourceTree = "<group>"; };
		EA2059A8271D11E300579D01 /* CustomViewViewController.swift */ = {isa = PBXFileReference; lastKnownFileType = sourcecode.swift; path = CustomViewViewController.swift; sourceTree = "<group>"; };
		EA2059AA271D124900579D01 /* CustomLabel.swift */ = {isa = PBXFileReference; lastKnownFileType = sourcecode.swift; path = CustomLabel.swift; sourceTree = "<group>"; };
		EA2059AC271D201500579D01 /* IfViewController.swift */ = {isa = PBXFileReference; lastKnownFileType = sourcecode.swift; path = IfViewController.swift; sourceTree = "<group>"; };
		EAB9DE172718063D009DAE51 /* StackUIExample.app */ = {isa = PBXFileReference; explicitFileType = wrapper.application; includeInIndex = 0; path = StackUIExample.app; sourceTree = BUILT_PRODUCTS_DIR; };
		EAB9DE1A2718063D009DAE51 /* AppDelegate.swift */ = {isa = PBXFileReference; lastKnownFileType = sourcecode.swift; path = AppDelegate.swift; sourceTree = "<group>"; };
		EAB9DE1E2718063D009DAE51 /* ViewController.swift */ = {isa = PBXFileReference; lastKnownFileType = sourcecode.swift; path = ViewController.swift; sourceTree = "<group>"; };
		EAB9DE212718063D009DAE51 /* Base */ = {isa = PBXFileReference; lastKnownFileType = file.storyboard; name = Base; path = Base.lproj/Main.storyboard; sourceTree = "<group>"; };
		EAB9DE232718063F009DAE51 /* Assets.xcassets */ = {isa = PBXFileReference; lastKnownFileType = folder.assetcatalog; path = Assets.xcassets; sourceTree = "<group>"; };
		EAB9DE262718063F009DAE51 /* Base */ = {isa = PBXFileReference; lastKnownFileType = file.storyboard; name = Base; path = Base.lproj/LaunchScreen.storyboard; sourceTree = "<group>"; };
		EAB9DE282718063F009DAE51 /* Info.plist */ = {isa = PBXFileReference; lastKnownFileType = text.plist.xml; path = Info.plist; sourceTree = "<group>"; };
		EAB9DE2F27180BCE009DAE51 /* SettingsCell.swift */ = {isa = PBXFileReference; lastKnownFileType = sourcecode.swift; path = SettingsCell.swift; sourceTree = "<group>"; };
		EAB9DE32271813F1009DAE51 /* ForEachViewController.swift */ = {isa = PBXFileReference; lastKnownFileType = sourcecode.swift; path = ForEachViewController.swift; sourceTree = "<group>"; };
		EAB9DE3527181437009DAE51 /* UserModel.swift */ = {isa = PBXFileReference; lastKnownFileType = sourcecode.swift; path = UserModel.swift; sourceTree = "<group>"; };
		EAB9DE37271818BC009DAE51 /* VScrollStackViewController.swift */ = {isa = PBXFileReference; lastKnownFileType = sourcecode.swift; path = VScrollStackViewController.swift; sourceTree = "<group>"; };
		EAB9DE39271819B6009DAE51 /* TextPublisherViewController.swift */ = {isa = PBXFileReference; lastKnownFileType = sourcecode.swift; path = TextPublisherViewController.swift; sourceTree = "<group>"; };
		EAB9DE3B27181E1C009DAE51 /* TextDriverViewController.swift */ = {isa = PBXFileReference; lastKnownFileType = sourcecode.swift; path = TextDriverViewController.swift; sourceTree = "<group>"; };
		EAB9DE3D2718203E009DAE51 /* HScrollStackViewController.swift */ = {isa = PBXFileReference; lastKnownFileType = sourcecode.swift; path = HScrollStackViewController.swift; sourceTree = "<group>"; };
		EAB9DE3F271824A7009DAE51 /* FoodCell.swift */ = {isa = PBXFileReference; lastKnownFileType = sourcecode.swift; path = FoodCell.swift; sourceTree = "<group>"; };
		EAF8D59B274E412A00AE1569 /* ViewBoxViewController.swift */ = {isa = PBXFileReference; lastKnownFileType = sourcecode.swift; path = ViewBoxViewController.swift; sourceTree = "<group>"; };
/* End PBXFileReference section */

/* Begin PBXFrameworksBuildPhase section */
		EAB9DE142718063D009DAE51 /* Frameworks */ = {
			isa = PBXFrameworksBuildPhase;
			buildActionMask = 2147483647;
			files = (
				BBAEF7412A83BF7C003E6BA7 /* StackUI in Frameworks */,
				BBAEF7432A83BF7C003E6BA7 /* StackUIWithRxSwift in Frameworks */,
			);
			runOnlyForDeploymentPostprocessing = 0;
		};
/* End PBXFrameworksBuildPhase section */

/* Begin PBXGroup section */
		874C2AB74E9E0F89A82BC0CB /* Frameworks */ = {
			isa = PBXGroup;
			children = (
				DC945D732FFC7D0646776FCE /* libPods-StackUIExample.a */,
			);
			name = Frameworks;
			sourceTree = "<group>";
		};
		EA2059A5271D110400579D01 /* View */ = {
			isa = PBXGroup;
			children = (
				EA2059A6271D111600579D01 /* CustomView.swift */,
				EA2059AA271D124900579D01 /* CustomLabel.swift */,
			);
			path = View;
			sourceTree = "<group>";
		};
		EAB9DE0E2718063D009DAE51 = {
			isa = PBXGroup;
			children = (
				EAB9DE192718063D009DAE51 /* StackUIExample */,
				EAB9DE182718063D009DAE51 /* Products */,
				874C2AB74E9E0F89A82BC0CB /* Frameworks */,
			);
			sourceTree = "<group>";
		};
		EAB9DE182718063D009DAE51 /* Products */ = {
			isa = PBXGroup;
			children = (
				EAB9DE172718063D009DAE51 /* StackUIExample.app */,
			);
			name = Products;
			sourceTree = "<group>";
		};
		EAB9DE192718063D009DAE51 /* StackUIExample */ = {
			isa = PBXGroup;
			children = (
				EA2059A5271D110400579D01 /* View */,
				EAB9DE3427181421009DAE51 /* Model */,
				EAB9DE31271813A9009DAE51 /* ViewController */,
				EAB9DE2E27180B95009DAE51 /* Cell */,
				EAB9DE1A2718063D009DAE51 /* AppDelegate.swift */,
				EAB9DE1E2718063D009DAE51 /* ViewController.swift */,
				EAB9DE202718063D009DAE51 /* Main.storyboard */,
				EAB9DE232718063F009DAE51 /* Assets.xcassets */,
				EAB9DE252718063F009DAE51 /* LaunchScreen.storyboard */,
				EAB9DE282718063F009DAE51 /* Info.plist */,
			);
			path = StackUIExample;
			sourceTree = "<group>";
		};
		EAB9DE2E27180B95009DAE51 /* Cell */ = {
			isa = PBXGroup;
			children = (
				EAB9DE2F27180BCE009DAE51 /* SettingsCell.swift */,
				EAB9DE3F271824A7009DAE51 /* FoodCell.swift */,
			);
			path = Cell;
			sourceTree = "<group>";
		};
		EAB9DE31271813A9009DAE51 /* ViewController */ = {
			isa = PBXGroup;
			children = (
				EAB9DE32271813F1009DAE51 /* ForEachViewController.swift */,
				EAB9DE37271818BC009DAE51 /* VScrollStackViewController.swift */,
				EAB9DE3D2718203E009DAE51 /* HScrollStackViewController.swift */,
				EAB9DE39271819B6009DAE51 /* TextPublisherViewController.swift */,
				EAB9DE3B27181E1C009DAE51 /* TextDriverViewController.swift */,
				EA2059A8271D11E300579D01 /* CustomViewViewController.swift */,
				EA2059AC271D201500579D01 /* IfViewController.swift */,
				EAF8D59B274E412A00AE1569 /* ViewBoxViewController.swift */,
			);
			path = ViewController;
			sourceTree = "<group>";
		};
		EAB9DE3427181421009DAE51 /* Model */ = {
			isa = PBXGroup;
			children = (
				EAB9DE3527181437009DAE51 /* UserModel.swift */,
			);
			path = Model;
			sourceTree = "<group>";
		};
/* End PBXGroup section */

/* Begin PBXNativeTarget section */
		EAB9DE162718063D009DAE51 /* StackUIExample */ = {
			isa = PBXNativeTarget;
			buildConfigurationList = EAB9DE2B2718063F009DAE51 /* Build configuration list for PBXNativeTarget "StackUIExample" */;
			buildPhases = (
				EAB9DE132718063D009DAE51 /* Sources */,
				EAB9DE142718063D009DAE51 /* Frameworks */,
				EAB9DE152718063D009DAE51 /* Resources */,
			);
			buildRules = (
			);
			dependencies = (
			);
			name = StackUIExample;
			packageProductDependencies = (
				BBAEF7402A83BF7C003E6BA7 /* StackUI */,
				BBAEF7422A83BF7C003E6BA7 /* StackUIWithRxSwift */,
			);
			productName = StackUIExample;
			productReference = EAB9DE172718063D009DAE51 /* StackUIExample.app */;
			productType = "com.apple.product-type.application";
		};
/* End PBXNativeTarget section */

/* Begin PBXProject section */
		EAB9DE0F2718063D009DAE51 /* Project object */ = {
			isa = PBXProject;
			attributes = {
				BuildIndependentTargetsInParallel = 1;
				LastSwiftUpdateCheck = 1300;
				LastUpgradeCheck = 1500;
				TargetAttributes = {
					EAB9DE162718063D009DAE51 = {
						CreatedOnToolsVersion = 13.0;
					};
				};
			};
			buildConfigurationList = EAB9DE122718063D009DAE51 /* Build configuration list for PBXProject "StackUIExample" */;
			compatibilityVersion = "Xcode 13.0";
			developmentRegion = en;
			hasScannedForEncodings = 0;
			knownRegions = (
				en,
				Base,
			);
			mainGroup = EAB9DE0E2718063D009DAE51;
			packageReferences = (
				BBAEF73F2A83BF7C003E6BA7 /* XCLocalSwiftPackageReference ".." */,
			);
			productRefGroup = EAB9DE182718063D009DAE51 /* Products */;
			projectDirPath = "";
			projectRoot = "";
			targets = (
				EAB9DE162718063D009DAE51 /* StackUIExample */,
			);
		};
/* End PBXProject section */

/* Begin PBXResourcesBuildPhase section */
		EAB9DE152718063D009DAE51 /* Resources */ = {
			isa = PBXResourcesBuildPhase;
			buildActionMask = 2147483647;
			files = (
				EAB9DE272718063F009DAE51 /* LaunchScreen.storyboard in Resources */,
				EAB9DE242718063F009DAE51 /* Assets.xcassets in Resources */,
				EAB9DE222718063D009DAE51 /* Main.storyboard in Resources */,
			);
			runOnlyForDeploymentPostprocessing = 0;
		};
/* End PBXResourcesBuildPhase section */

/* Begin PBXSourcesBuildPhase section */
		EAB9DE132718063D009DAE51 /* Sources */ = {
			isa = PBXSourcesBuildPhase;
			buildActionMask = 2147483647;
			files = (
				EAB9DE38271818BC009DAE51 /* VScrollStackViewController.swift in Sources */,
				EAF8D59C274E412A00AE1569 /* ViewBoxViewController.swift in Sources */,
				EAB9DE3C27181E1C009DAE51 /* TextDriverViewController.swift in Sources */,
				EAB9DE1F2718063D009DAE51 /* ViewController.swift in Sources */,
				EAB9DE3E2718203E009DAE51 /* HScrollStackViewController.swift in Sources */,
				EAB9DE33271813F1009DAE51 /* ForEachViewController.swift in Sources */,
				EAB9DE1B2718063D009DAE51 /* AppDelegate.swift in Sources */,
				EA2059A9271D11E300579D01 /* CustomViewViewController.swift in Sources */,
				EA2059AD271D201500579D01 /* IfViewController.swift in Sources */,
				EA2059A7271D111600579D01 /* CustomView.swift in Sources */,
				EAB9DE3A271819B6009DAE51 /* TextPublisherViewController.swift in Sources */,
				EA2059AB271D124900579D01 /* CustomLabel.swift in Sources */,
				EAB9DE40271824A7009DAE51 /* FoodCell.swift in Sources */,
				EAB9DE3627181437009DAE51 /* UserModel.swift in Sources */,
				EAB9DE3027180BCE009DAE51 /* SettingsCell.swift in Sources */,
			);
			runOnlyForDeploymentPostprocessing = 0;
		};
/* End PBXSourcesBuildPhase section */

/* Begin PBXVariantGroup section */
		EAB9DE202718063D009DAE51 /* Main.storyboard */ = {
			isa = PBXVariantGroup;
			children = (
				EAB9DE212718063D009DAE51 /* Base */,
			);
			name = Main.storyboard;
			sourceTree = "<group>";
		};
		EAB9DE252718063F009DAE51 /* LaunchScreen.storyboard */ = {
			isa = PBXVariantGroup;
			children = (
				EAB9DE262718063F009DAE51 /* Base */,
			);
			name = LaunchScreen.storyboard;
			sourceTree = "<group>";
		};
/* End PBXVariantGroup section */

/* Begin XCBuildConfiguration section */
		EAB9DE292718063F009DAE51 /* Debug */ = {
			isa = XCBuildConfiguration;
			buildSettings = {
				ALWAYS_SEARCH_USER_PATHS = NO;
				CLANG_ANALYZER_NONNULL = YES;
				CLANG_ANALYZER_NUMBER_OBJECT_CONVERSION = YES_AGGRESSIVE;
				CLANG_CXX_LANGUAGE_STANDARD = "gnu++17";
				CLANG_CXX_LIBRARY = "libc++";
				CLANG_ENABLE_MODULES = YES;
				CLANG_ENABLE_OBJC_ARC = YES;
				CLANG_ENABLE_OBJC_WEAK = YES;
				CLANG_WARN_BLOCK_CAPTURE_AUTORELEASING = YES;
				CLANG_WARN_BOOL_CONVERSION = YES;
				CLANG_WARN_COMMA = YES;
				CLANG_WARN_CONSTANT_CONVERSION = YES;
				CLANG_WARN_DEPRECATED_OBJC_IMPLEMENTATIONS = YES;
				CLANG_WARN_DIRECT_OBJC_ISA_USAGE = YES_ERROR;
				CLANG_WARN_DOCUMENTATION_COMMENTS = YES;
				CLANG_WARN_EMPTY_BODY = YES;
				CLANG_WARN_ENUM_CONVERSION = YES;
				CLANG_WARN_INFINITE_RECURSION = YES;
				CLANG_WARN_INT_CONVERSION = YES;
				CLANG_WARN_NON_LITERAL_NULL_CONVERSION = YES;
				CLANG_WARN_OBJC_IMPLICIT_RETAIN_SELF = YES;
				CLANG_WARN_OBJC_LITERAL_CONVERSION = YES;
				CLANG_WARN_OBJC_ROOT_CLASS = YES_ERROR;
				CLANG_WARN_QUOTED_INCLUDE_IN_FRAMEWORK_HEADER = YES;
				CLANG_WARN_RANGE_LOOP_ANALYSIS = YES;
				CLANG_WARN_STRICT_PROTOTYPES = YES;
				CLANG_WARN_SUSPICIOUS_MOVE = YES;
				CLANG_WARN_UNGUARDED_AVAILABILITY = YES_AGGRESSIVE;
				CLANG_WARN_UNREACHABLE_CODE = YES;
				CLANG_WARN__DUPLICATE_METHOD_MATCH = YES;
				COPY_PHASE_STRIP = NO;
				DEBUG_INFORMATION_FORMAT = dwarf;
				ENABLE_STRICT_OBJC_MSGSEND = YES;
				ENABLE_TESTABILITY = YES;
				ENABLE_USER_SCRIPT_SANDBOXING = YES;
				GCC_C_LANGUAGE_STANDARD = gnu11;
				GCC_DYNAMIC_NO_PIC = NO;
				GCC_NO_COMMON_BLOCKS = YES;
				GCC_OPTIMIZATION_LEVEL = 0;
				GCC_PREPROCESSOR_DEFINITIONS = (
					"DEBUG=1",
					"$(inherited)",
				);
				GCC_WARN_64_TO_32_BIT_CONVERSION = YES;
				GCC_WARN_ABOUT_RETURN_TYPE = YES_ERROR;
				GCC_WARN_UNDECLARED_SELECTOR = YES;
				GCC_WARN_UNINITIALIZED_AUTOS = YES_AGGRESSIVE;
				GCC_WARN_UNUSED_FUNCTION = YES;
				GCC_WARN_UNUSED_VARIABLE = YES;
				IPHONEOS_DEPLOYMENT_TARGET = 15.0;
				MTL_ENABLE_DEBUG_INFO = INCLUDE_SOURCE;
				MTL_FAST_MATH = YES;
				ONLY_ACTIVE_ARCH = YES;
				SDKROOT = iphoneos;
				SWIFT_ACTIVE_COMPILATION_CONDITIONS = DEBUG;
				SWIFT_OPTIMIZATION_LEVEL = "-Onone";
			};
			name = Debug;
		};
		EAB9DE2A2718063F009DAE51 /* Release */ = {
			isa = XCBuildConfiguration;
			buildSettings = {
				ALWAYS_SEARCH_USER_PATHS = NO;
				CLANG_ANALYZER_NONNULL = YES;
				CLANG_ANALYZER_NUMBER_OBJECT_CONVERSION = YES_AGGRESSIVE;
				CLANG_CXX_LANGUAGE_STANDARD = "gnu++17";
				CLANG_CXX_LIBRARY = "libc++";
				CLANG_ENABLE_MODULES = YES;
				CLANG_ENABLE_OBJC_ARC = YES;
				CLANG_ENABLE_OBJC_WEAK = YES;
				CLANG_WARN_BLOCK_CAPTURE_AUTORELEASING = YES;
				CLANG_WARN_BOOL_CONVERSION = YES;
				CLANG_WARN_COMMA = YES;
				CLANG_WARN_CONSTANT_CONVERSION = YES;
				CLANG_WARN_DEPRECATED_OBJC_IMPLEMENTATIONS = YES;
				CLANG_WARN_DIRECT_OBJC_ISA_USAGE = YES_ERROR;
				CLANG_WARN_DOCUMENTATION_COMMENTS = YES;
				CLANG_WARN_EMPTY_BODY = YES;
				CLANG_WARN_ENUM_CONVERSION = YES;
				CLANG_WARN_INFINITE_RECURSION = YES;
				CLANG_WARN_INT_CONVERSION = YES;
				CLANG_WARN_NON_LITERAL_NULL_CONVERSION = YES;
				CLANG_WARN_OBJC_IMPLICIT_RETAIN_SELF = YES;
				CLANG_WARN_OBJC_LITERAL_CONVERSION = YES;
				CLANG_WARN_OBJC_ROOT_CLASS = YES_ERROR;
				CLANG_WARN_QUOTED_INCLUDE_IN_FRAMEWORK_HEADER = YES;
				CLANG_WARN_RANGE_LOOP_ANALYSIS = YES;
				CLANG_WARN_STRICT_PROTOTYPES = YES;
				CLANG_WARN_SUSPICIOUS_MOVE = YES;
				CLANG_WARN_UNGUARDED_AVAILABILITY = YES_AGGRESSIVE;
				CLANG_WARN_UNREACHABLE_CODE = YES;
				CLANG_WARN__DUPLICATE_METHOD_MATCH = YES;
				COPY_PHASE_STRIP = NO;
				DEBUG_INFORMATION_FORMAT = "dwarf-with-dsym";
				ENABLE_NS_ASSERTIONS = NO;
				ENABLE_STRICT_OBJC_MSGSEND = YES;
				ENABLE_USER_SCRIPT_SANDBOXING = YES;
				GCC_C_LANGUAGE_STANDARD = gnu11;
				GCC_NO_COMMON_BLOCKS = YES;
				GCC_WARN_64_TO_32_BIT_CONVERSION = YES;
				GCC_WARN_ABOUT_RETURN_TYPE = YES_ERROR;
				GCC_WARN_UNDECLARED_SELECTOR = YES;
				GCC_WARN_UNINITIALIZED_AUTOS = YES_AGGRESSIVE;
				GCC_WARN_UNUSED_FUNCTION = YES;
				GCC_WARN_UNUSED_VARIABLE = YES;
				IPHONEOS_DEPLOYMENT_TARGET = 15.0;
				MTL_ENABLE_DEBUG_INFO = NO;
				MTL_FAST_MATH = YES;
				SDKROOT = iphoneos;
				SWIFT_COMPILATION_MODE = wholemodule;
				SWIFT_OPTIMIZATION_LEVEL = "-O";
				VALIDATE_PRODUCT = YES;
			};
			name = Release;
		};
		EAB9DE2C2718063F009DAE51 /* Debug */ = {
			isa = XCBuildConfiguration;
			buildSettings = {
				ASSETCATALOG_COMPILER_APPICON_NAME = AppIcon;
				ASSETCATALOG_COMPILER_GLOBAL_ACCENT_COLOR_NAME = AccentColor;
				CODE_SIGN_STYLE = Manual;
				CURRENT_PROJECT_VERSION = 1;
				DEVELOPMENT_TEAM = "";
				GENERATE_INFOPLIST_FILE = YES;
				INFOPLIST_FILE = StackUIExample/Info.plist;
				INFOPLIST_KEY_UIApplicationSupportsIndirectInputEvents = YES;
				INFOPLIST_KEY_UILaunchStoryboardName = LaunchScreen;
				INFOPLIST_KEY_UIMainStoryboardFile = Main;
				INFOPLIST_KEY_UISupportedInterfaceOrientations_iPad = "UIInterfaceOrientationPortrait UIInterfaceOrientationPortraitUpsideDown UIInterfaceOrientationLandscapeLeft UIInterfaceOrientationLandscapeRight";
				INFOPLIST_KEY_UISupportedInterfaceOrientations_iPhone = "UIInterfaceOrientationPortrait UIInterfaceOrientationLandscapeLeft UIInterfaceOrientationLandscapeRight";
				IPHONEOS_DEPLOYMENT_TARGET = 15.0;
				LD_RUNPATH_SEARCH_PATHS = (
					"$(inherited)",
					"@executable_path/Frameworks",
				);
				MARKETING_VERSION = 1.0;
				PRODUCT_BUNDLE_IDENTIFIER = com.stackui.example.StackUIExample;
				PRODUCT_NAME = "$(TARGET_NAME)";
				PROVISIONING_PROFILE_SPECIFIER = "";
				SWIFT_EMIT_LOC_STRINGS = YES;
				SWIFT_VERSION = 5.0;
				TARGETED_DEVICE_FAMILY = "1,2";
			};
			name = Debug;
		};
		EAB9DE2D2718063F009DAE51 /* Release */ = {
			isa = XCBuildConfiguration;
			buildSettings = {
				ASSETCATALOG_COMPILER_APPICON_NAME = AppIcon;
				ASSETCATALOG_COMPILER_GLOBAL_ACCENT_COLOR_NAME = AccentColor;
				CODE_SIGN_STYLE = Manual;
				CURRENT_PROJECT_VERSION = 1;
				DEVELOPMENT_TEAM = "";
				GENERATE_INFOPLIST_FILE = YES;
				INFOPLIST_FILE = StackUIExample/Info.plist;
				INFOPLIST_KEY_UIApplicationSupportsIndirectInputEvents = YES;
				INFOPLIST_KEY_UILaunchStoryboardName = LaunchScreen;
				INFOPLIST_KEY_UIMainStoryboardFile = Main;
				INFOPLIST_KEY_UISupportedInterfaceOrientations_iPad = "UIInterfaceOrientationPortrait UIInterfaceOrientationPortraitUpsideDown UIInterfaceOrientationLandscapeLeft UIInterfaceOrientationLandscapeRight";
				INFOPLIST_KEY_UISupportedInterfaceOrientations_iPhone = "UIInterfaceOrientationPortrait UIInterfaceOrientationLandscapeLeft UIInterfaceOrientationLandscapeRight";
				IPHONEOS_DEPLOYMENT_TARGET = 15.0;
				LD_RUNPATH_SEARCH_PATHS = (
					"$(inherited)",
					"@executable_path/Frameworks",
				);
				MARKETING_VERSION = 1.0;
				PRODUCT_BUNDLE_IDENTIFIER = com.stackui.example.StackUIExample;
				PRODUCT_NAME = "$(TARGET_NAME)";
				PROVISIONING_PROFILE_SPECIFIER = "";
				SWIFT_EMIT_LOC_STRINGS = YES;
				SWIFT_VERSION = 5.0;
				TARGETED_DEVICE_FAMILY = "1,2";
			};
			name = Release;
		};
/* End XCBuildConfiguration section */

/* Begin XCConfigurationList section */
		EAB9DE122718063D009DAE51 /* Build configuration list for PBXProject "StackUIExample" */ = {
			isa = XCConfigurationList;
			buildConfigurations = (
				EAB9DE292718063F009DAE51 /* Debug */,
				EAB9DE2A2718063F009DAE51 /* Release */,
			);
			defaultConfigurationIsVisible = 0;
			defaultConfigurationName = Release;
		};
		EAB9DE2B2718063F009DAE51 /* Build configuration list for PBXNativeTarget "StackUIExample" */ = {
			isa = XCConfigurationList;
			buildConfigurations = (
				EAB9DE2C2718063F009DAE51 /* Debug */,
				EAB9DE2D2718063F009DAE51 /* Release */,
			);
			defaultConfigurationIsVisible = 0;
			defaultConfigurationName = Release;
		};
/* End XCConfigurationList section */

/* Begin XCLocalSwiftPackageReference section */
		BBAEF73F2A83BF7C003E6BA7 /* XCLocalSwiftPackageReference ".." */ = {
			isa = XCLocalSwiftPackageReference;
			relativePath = ..;
		};
/* End XCLocalSwiftPackageReference section */

/* Begin XCSwiftPackageProductDependency section */
		BBAEF7402A83BF7C003E6BA7 /* StackUI */ = {
			isa = XCSwiftPackageProductDependency;
			productName = StackUI;
		};
		BBAEF7422A83BF7C003E6BA7 /* StackUIWithRxSwift */ = {
			isa = XCSwiftPackageProductDependency;
			productName = StackUIWithRxSwift;
		};
/* End XCSwiftPackageProductDependency section */
	};
	rootObject = EAB9DE0F2718063D009DAE51 /* Project object */;
}
